// !$*UTF8*$!
{
	archiveVersion = 1;
	classes = {
	};
	objectVersion = 56;
	objects = {

/* Begin PBXBuildFile section */
		7E5AEBB12A5EA8EA00F74829 /* Samples.swift in Sources */ = {isa = PBXBuildFile; fileRef = 7E5AEBB02A5EA8EA00F74829 /* Samples.swift */; };
		7E5AEBB32A5EAF2800F74829 /* QuantityQueries.swift in Sources */ = {isa = PBXBuildFile; fileRef = 7E5AEBB22A5EAF2800F74829 /* QuantityQueries.swift */; };
		7E9A84CC2A5312D7004622E5 /* HealthKitCore.swift in Sources */ = {isa = PBXBuildFile; fileRef = 7E9A84CB2A5312D7004622E5 /* HealthKitCore.swift */; };
		7E9A84F32A5449C2004622E5 /* HealthKitTypes.swift in Sources */ = {isa = PBXBuildFile; fileRef = 7E9A84F22A5449C2004622E5 /* HealthKitTypes.swift */; };
		7E9A84F52A544A1A004622E5 /* Parameters.swift in Sources */ = {isa = PBXBuildFile; fileRef = 7E9A84F42A544A1A004622E5 /* Parameters.swift */; };
		7E9A84F72A548A39004622E5 /* Utils.swift in Sources */ = {isa = PBXBuildFile; fileRef = 7E9A84F62A548A39004622E5 /* Utils.swift */; };
/* End PBXBuildFile section */

/* Begin PBXCopyFilesBuildPhase section */
		7E9A84C62A5312D7004622E5 /* CopyFiles */ = {
			isa = PBXCopyFilesBuildPhase;
			buildActionMask = 2147483647;
			dstPath = "include/$(PRODUCT_NAME)";
			dstSubfolderSpec = 16;
			files = (
			);
			runOnlyForDeploymentPostprocessing = 0;
		};
/* End PBXCopyFilesBuildPhase section */

/* Begin PBXFileReference section */
		7E5AEBB02A5EA8EA00F74829 /* Samples.swift */ = {isa = PBXFileReference; lastKnownFileType = sourcecode.swift; path = Samples.swift; sourceTree = "<group>"; };
		7E5AEBB22A5EAF2800F74829 /* QuantityQueries.swift */ = {isa = PBXFileReference; lastKnownFileType = sourcecode.swift; path = QuantityQueries.swift; sourceTree = "<group>"; };
		7E9A84C82A5312D7004622E5 /* libHealthKitCore.a */ = {isa = PBXFileReference; explicitFileType = archive.ar; includeInIndex = 0; path = libHealthKitCore.a; sourceTree = BUILT_PRODUCTS_DIR; };
		7E9A84CB2A5312D7004622E5 /* HealthKitCore.swift */ = {isa = PBXFileReference; lastKnownFileType = sourcecode.swift; path = HealthKitCore.swift; sourceTree = "<group>"; };
		7E9A84F22A5449C2004622E5 /* HealthKitTypes.swift */ = {isa = PBXFileReference; lastKnownFileType = sourcecode.swift; path = HealthKitTypes.swift; sourceTree = "<group>"; };
		7E9A84F42A544A1A004622E5 /* Parameters.swift */ = {isa = PBXFileReference; lastKnownFileType = sourcecode.swift; path = Parameters.swift; sourceTree = "<group>"; };
		7E9A84F62A548A39004622E5 /* Utils.swift */ = {isa = PBXFileReference; lastKnownFileType = sourcecode.swift; path = Utils.swift; sourceTree = "<group>"; };
		7EB70C882A61AB64003EE217 /* RNHealthKitWrapper-Bridging-Header.h */ = {isa = PBXFileReference; lastKnownFileType = sourcecode.c.h; path = "RNHealthKitWrapper-Bridging-Header.h"; sourceTree = "<group>"; };
		7EB70C892A61ABAF003EE217 /* RNHealthKitWrapper.m */ = {isa = PBXFileReference; lastKnownFileType = sourcecode.c.objc; path = RNHealthKitWrapper.m; sourceTree = "<group>"; };
		7EE4AA502A669CA200CC9EEF /* RNHealthKitWrapper.swift */ = {isa = PBXFileReference; lastKnownFileType = sourcecode.swift; path = RNHealthKitWrapper.swift; sourceTree = "<group>"; };
/* End PBXFileReference section */

/* Begin PBXFrameworksBuildPhase section */
		7E9A84C52A5312D7004622E5 /* Frameworks */ = {
			isa = PBXFrameworksBuildPhase;
			buildActionMask = 2147483647;
			files = (
			);
			runOnlyForDeploymentPostprocessing = 0;
		};
/* End PBXFrameworksBuildPhase section */

/* Begin PBXGroup section */
		7E9A84BF2A5312D7004622E5 = {
			isa = PBXGroup;
			children = (
				7EB70C872A61AA1A003EE217 /* ReactNativeBridge */,
				7E9A84CA2A5312D7004622E5 /* HealthKitCore */,
				7E9A84C92A5312D7004622E5 /* Products */,
			);
			sourceTree = "<group>";
		};
		7E9A84C92A5312D7004622E5 /* Products */ = {
			isa = PBXGroup;
			children = (
				7E9A84C82A5312D7004622E5 /* libHealthKitCore.a */,
			);
			name = Products;
			sourceTree = "<group>";
		};
		7E9A84CA2A5312D7004622E5 /* HealthKitCore */ = {
			isa = PBXGroup;
			children = (
				7E9A84CB2A5312D7004622E5 /* HealthKitCore.swift */,
				7E9A84F22A5449C2004622E5 /* HealthKitTypes.swift */,
				7E9A84F42A544A1A004622E5 /* Parameters.swift */,
				7E9A84F62A548A39004622E5 /* Utils.swift */,
				7E5AEBB02A5EA8EA00F74829 /* Samples.swift */,
				7E5AEBB22A5EAF2800F74829 /* QuantityQueries.swift */,
			);
			path = HealthKitCore;
			sourceTree = "<group>";
		};
		7EB70C872A61AA1A003EE217 /* ReactNativeBridge */ = {
			isa = PBXGroup;
			children = (
				7EB70C882A61AB64003EE217 /* RNHealthKitWrapper-Bridging-Header.h */,
				7EB70C892A61ABAF003EE217 /* RNHealthKitWrapper.m */,
				7EE4AA502A669CA200CC9EEF /* RNHealthKitWrapper.swift */,
			);
			path = ReactNativeBridge;
			sourceTree = "<group>";
		};
/* End PBXGroup section */

/* Begin PBXNativeTarget section */
		7E9A84C72A5312D7004622E5 /* HealthKitCore */ = {
			isa = PBXNativeTarget;
			buildConfigurationList = 7E9A84CF2A5312D7004622E5 /* Build configuration list for PBXNativeTarget "HealthKitCore" */;
			buildPhases = (
				7E9A84C42A5312D7004622E5 /* Sources */,
				7E9A84C52A5312D7004622E5 /* Frameworks */,
				7E9A84C62A5312D7004622E5 /* CopyFiles */,
			);
			buildRules = (
			);
			dependencies = (
			);
			name = HealthKitCore;
			productName = RNHealthKitCore;
			productReference = 7E9A84C82A5312D7004622E5 /* libHealthKitCore.a */;
			productType = "com.apple.product-type.library.static";
		};
/* End PBXNativeTarget section */

/* Begin PBXProject section */
		7E9A84C02A5312D7004622E5 /* Project object */ = {
			isa = PBXProject;
			attributes = {
				BuildIndependentTargetsInParallel = 1;
				LastSwiftUpdateCheck = 1430;
				LastUpgradeCheck = 1430;
				TargetAttributes = {
					7E9A84C72A5312D7004622E5 = {
						CreatedOnToolsVersion = 14.3.1;
					};
				};
			};
			buildConfigurationList = 7E9A84C32A5312D7004622E5 /* Build configuration list for PBXProject "HealthKitCore" */;
			compatibilityVersion = "Xcode 14.0";
			developmentRegion = en;
			hasScannedForEncodings = 0;
			knownRegions = (
				en,
				Base,
			);
			mainGroup = 7E9A84BF2A5312D7004622E5;
			productRefGroup = 7E9A84C92A5312D7004622E5 /* Products */;
			projectDirPath = "";
			projectRoot = "";
			targets = (
				7E9A84C72A5312D7004622E5 /* HealthKitCore */,
			);
		};
/* End PBXProject section */

/* Begin PBXSourcesBuildPhase section */
		7E9A84C42A5312D7004622E5 /* Sources */ = {
			isa = PBXSourcesBuildPhase;
			buildActionMask = 2147483647;
			files = (
				7E9A84F52A544A1A004622E5 /* Parameters.swift in Sources */,
				7E9A84F32A5449C2004622E5 /* HealthKitTypes.swift in Sources */,
				7E9A84CC2A5312D7004622E5 /* HealthKitCore.swift in Sources */,
				7E5AEBB32A5EAF2800F74829 /* QuantityQueries.swift in Sources */,
				7E5AEBB12A5EA8EA00F74829 /* Samples.swift in Sources */,
				7E9A84F72A548A39004622E5 /* Utils.swift in Sources */,
			);
			runOnlyForDeploymentPostprocessing = 0;
		};
/* End PBXSourcesBuildPhase section */

/* Begin XCBuildConfiguration section */
		7E9A84CD2A5312D7004622E5 /* Debug */ = {
			isa = XCBuildConfiguration;
			buildSettings = {
				ALWAYS_SEARCH_USER_PATHS = NO;
				CLANG_ANALYZER_NONNULL = YES;
				CLANG_ANALYZER_NUMBER_OBJECT_CONVERSION = YES_AGGRESSIVE;
				CLANG_CXX_LANGUAGE_STANDARD = "gnu++20";
				CLANG_ENABLE_MODULES = YES;
				CLANG_ENABLE_OBJC_ARC = YES;
				CLANG_ENABLE_OBJC_WEAK = YES;
				CLANG_WARN_BLOCK_CAPTURE_AUTORELEASING = YES;
				CLANG_WARN_BOOL_CONVERSION = YES;
				CLANG_WARN_COMMA = YES;
				CLANG_WARN_CONSTANT_CONVERSION = YES;
				CLANG_WARN_DEPRECATED_OBJC_IMPLEMENTATIONS = YES;
				CLANG_WARN_DIRECT_OBJC_ISA_USAGE = YES_ERROR;
				CLANG_WARN_DOCUMENTATION_COMMENTS = YES;
				CLANG_WARN_EMPTY_BODY = YES;
				CLANG_WARN_ENUM_CONVERSION = YES;
				CLANG_WARN_INFINITE_RECURSION = YES;
				CLANG_WARN_INT_CONVERSION = YES;
				CLANG_WARN_NON_LITERAL_NULL_CONVERSION = YES;
				CLANG_WARN_OBJC_IMPLICIT_RETAIN_SELF = YES;
				CLANG_WARN_OBJC_LITERAL_CONVERSION = YES;
				CLANG_WARN_OBJC_ROOT_CLASS = YES_ERROR;
				CLANG_WARN_QUOTED_INCLUDE_IN_FRAMEWORK_HEADER = YES;
				CLANG_WARN_RANGE_LOOP_ANALYSIS = YES;
				CLANG_WARN_STRICT_PROTOTYPES = YES;
				CLANG_WARN_SUSPICIOUS_MOVE = YES;
				CLANG_WARN_UNGUARDED_AVAILABILITY = YES_AGGRESSIVE;
				CLANG_WARN_UNREACHABLE_CODE = YES;
				CLANG_WARN__DUPLICATE_METHOD_MATCH = YES;
				COPY_PHASE_STRIP = NO;
				DEBUG_INFORMATION_FORMAT = dwarf;
				ENABLE_STRICT_OBJC_MSGSEND = YES;
				ENABLE_TESTABILITY = YES;
				GCC_C_LANGUAGE_STANDARD = gnu11;
				GCC_DYNAMIC_NO_PIC = NO;
				GCC_NO_COMMON_BLOCKS = YES;
				GCC_OPTIMIZATION_LEVEL = 0;
				GCC_PREPROCESSOR_DEFINITIONS = (
					"DEBUG=1",
					"$(inherited)",
				);
				GCC_WARN_64_TO_32_BIT_CONVERSION = YES;
				GCC_WARN_ABOUT_RETURN_TYPE = YES_ERROR;
				GCC_WARN_UNDECLARED_SELECTOR = YES;
				GCC_WARN_UNINITIALIZED_AUTOS = YES_AGGRESSIVE;
				GCC_WARN_UNUSED_FUNCTION = YES;
				GCC_WARN_UNUSED_VARIABLE = YES;
				IPHONEOS_DEPLOYMENT_TARGET = 15.4;
				MTL_ENABLE_DEBUG_INFO = INCLUDE_SOURCE;
				MTL_FAST_MATH = YES;
				ONLY_ACTIVE_ARCH = YES;
				SDKROOT = iphoneos;
				SWIFT_ACTIVE_COMPILATION_CONDITIONS = DEBUG;
				SWIFT_OPTIMIZATION_LEVEL = "-Onone";
			};
			name = Debug;
		};
		7E9A84CE2A5312D7004622E5 /* Release */ = {
			isa = XCBuildConfiguration;
			buildSettings = {
				ALWAYS_SEARCH_USER_PATHS = NO;
				CLANG_ANALYZER_NONNULL = YES;
				CLANG_ANALYZER_NUMBER_OBJECT_CONVERSION = YES_AGGRESSIVE;
				CLANG_CXX_LANGUAGE_STANDARD = "gnu++20";
				CLANG_ENABLE_MODULES = YES;
				CLANG_ENABLE_OBJC_ARC = YES;
				CLANG_ENABLE_OBJC_WEAK = YES;
				CLANG_WARN_BLOCK_CAPTURE_AUTORELEASING = YES;
				CLANG_WARN_BOOL_CONVERSION = YES;
				CLANG_WARN_COMMA = YES;
				CLANG_WARN_CONSTANT_CONVERSION = YES;
				CLANG_WARN_DEPRECATED_OBJC_IMPLEMENTATIONS = YES;
				CLANG_WARN_DIRECT_OBJC_ISA_USAGE = YES_ERROR;
				CLANG_WARN_DOCUMENTATION_COMMENTS = YES;
				CLANG_WARN_EMPTY_BODY = YES;
				CLANG_WARN_ENUM_CONVERSION = YES;
				CLANG_WARN_INFINITE_RECURSION = YES;
				CLANG_WARN_INT_CONVERSION = YES;
				CLANG_WARN_NON_LITERAL_NULL_CONVERSION = YES;
				CLANG_WARN_OBJC_IMPLICIT_RETAIN_SELF = YES;
				CLANG_WARN_OBJC_LITERAL_CONVERSION = YES;
				CLANG_WARN_OBJC_ROOT_CLASS = YES_ERROR;
				CLANG_WARN_QUOTED_INCLUDE_IN_FRAMEWORK_HEADER = YES;
				CLANG_WARN_RANGE_LOOP_ANALYSIS = YES;
				CLANG_WARN_STRICT_PROTOTYPES = YES;
				CLANG_WARN_SUSPICIOUS_MOVE = YES;
				CLANG_WARN_UNGUARDED_AVAILABILITY = YES_AGGRESSIVE;
				CLANG_WARN_UNREACHABLE_CODE = YES;
				CLANG_WARN__DUPLICATE_METHOD_MATCH = YES;
				COPY_PHASE_STRIP = NO;
				DEBUG_INFORMATION_FORMAT = "dwarf-with-dsym";
				ENABLE_NS_ASSERTIONS = NO;
				ENABLE_STRICT_OBJC_MSGSEND = YES;
				GCC_C_LANGUAGE_STANDARD = gnu11;
				GCC_NO_COMMON_BLOCKS = YES;
				GCC_WARN_64_TO_32_BIT_CONVERSION = YES;
				GCC_WARN_ABOUT_RETURN_TYPE = YES_ERROR;
				GCC_WARN_UNDECLARED_SELECTOR = YES;
				GCC_WARN_UNINITIALIZED_AUTOS = YES_AGGRESSIVE;
				GCC_WARN_UNUSED_FUNCTION = YES;
				GCC_WARN_UNUSED_VARIABLE = YES;
				IPHONEOS_DEPLOYMENT_TARGET = 15.4;
				MTL_ENABLE_DEBUG_INFO = NO;
				MTL_FAST_MATH = YES;
				SDKROOT = iphoneos;
				SWIFT_COMPILATION_MODE = wholemodule;
				SWIFT_OPTIMIZATION_LEVEL = "-O";
				VALIDATE_PRODUCT = YES;
			};
			name = Release;
		};
		7E9A84D02A5312D7004622E5 /* Debug */ = {
			isa = XCBuildConfiguration;
			buildSettings = {
				CODE_SIGN_STYLE = Automatic;
				OTHER_LDFLAGS = "-ObjC";
				PRODUCT_NAME = "$(TARGET_NAME)";
				SKIP_INSTALL = YES;
				SWIFT_VERSION = 5.0;
				TARGETED_DEVICE_FAMILY = "1,2";
			};
			name = Debug;
		};
		7E9A84D12A5312D7004622E5 /* Release */ = {
			isa = XCBuildConfiguration;
			buildSettings = {
				CODE_SIGN_STYLE = Automatic;
				OTHER_LDFLAGS = "-ObjC";
				PRODUCT_NAME = "$(TARGET_NAME)";
				SKIP_INSTALL = YES;
				SWIFT_VERSION = 5.0;
				TARGETED_DEVICE_FAMILY = "1,2";
			};
			name = Release;
		};
/* End XCBuildConfiguration section */

/* Begin XCConfigurationList section */
		7E9A84C32A5312D7004622E5 /* Build configuration list for PBXProject "HealthKitCore" */ = {
			isa = XCConfigurationList;
			buildConfigurations = (
				7E9A84CD2A5312D7004622E5 /* Debug */,
				7E9A84CE2A5312D7004622E5 /* Release */,
			);
			defaultConfigurationIsVisible = 0;
			defaultConfigurationName = Release;
		};
		7E9A84CF2A5312D7004622E5 /* Build configuration list for PBXNativeTarget "HealthKitCore" */ = {
			isa = XCConfigurationList;
			buildConfigurations = (
				7E9A84D02A5312D7004622E5 /* Debug */,
				7E9A84D12A5312D7004622E5 /* Release */,
			);
			defaultConfigurationIsVisible = 0;
			defaultConfigurationName = Release;
		};
/* End XCConfigurationList section */
	};
	rootObject = 7E9A84C02A5312D7004622E5 /* Project object */;
}
