// !$*UTF8*$!
{
	archiveVersion = 1;
	classes = {
	};
	objectVersion = 56;
	objects = {

/* Begin PBXBuildFile section */
		7E9A84DF2A5352F3004622E5 /* RNHealthKitCoreApp.swift in Sources */ = {isa = PBXBuildFile; fileRef = 7E9A84DE2A5352F3004622E5 /* RNHealthKitCoreApp.swift */; };
		7E9A84E12A5352F3004622E5 /* ContentView.swift in Sources */ = {isa = PBXBuildFile; fileRef = 7E9A84E02A5352F3004622E5 /* ContentView.swift */; };
		7E9A84E32A5352F4004622E5 /* Assets.xcassets in Resources */ = {isa = PBXBuildFile; fileRef = 7E9A84E22A5352F4004622E5 /* Assets.xcassets */; };
		7E9A84E62A5352F4004622E5 /* Preview Assets.xcassets in Resources */ = {isa = PBXBuildFile; fileRef = 7E9A84E52A5352F4004622E5 /* Preview Assets.xcassets */; };
		D398AEF42B0FD52500C37F4F /* libHealthKitCore.a in Frameworks */ = {isa = PBXBuildFile; fileRef = D398AEED2B0FD4B700C37F4F /* libHealthKitCore.a */; };
/* End PBXBuildFile section */

/* Begin PBXContainerItemProxy section */
		D398AEEC2B0FD4B700C37F4F /* PBXContainerItemProxy */ = {
			isa = PBXContainerItemProxy;
			containerPortal = D398AEE82B0FD4B700C37F4F /* HealthKitCore.xcodeproj */;
			proxyType = 2;
			remoteGlobalIDString = 7E9A84C82A5312D7004622E5;
			remoteInfo = HealthKitCore;
		};
		D398AEF92B0FDE8500C37F4F /* PBXContainerItemProxy */ = {
			isa = PBXContainerItemProxy;
			containerPortal = D398AEF52B0FDE8500C37F4F /* HealthKitCore.xcodeproj */;
			proxyType = 2;
			remoteGlobalIDString = 7E9A84C82A5312D7004622E5;
			remoteInfo = HealthKitCore;
		};
/* End PBXContainerItemProxy section */

/* Begin PBXFileReference section */
		7E9A84DB2A5352F3004622E5 /* RNHealthKitCoreApp.app */ = {isa = PBXFileReference; explicitFileType = wrapper.application; includeInIndex = 0; path = RNHealthKitCoreApp.app; sourceTree = BUILT_PRODUCTS_DIR; };
		7E9A84DE2A5352F3004622E5 /* RNHealthKitCoreApp.swift */ = {isa = PBXFileReference; lastKnownFileType = sourcecode.swift; path = RNHealthKitCoreApp.swift; sourceTree = "<group>"; };
		7E9A84E02A5352F3004622E5 /* ContentView.swift */ = {isa = PBXFileReference; lastKnownFileType = sourcecode.swift; path = ContentView.swift; sourceTree = "<group>"; };
		7E9A84E22A5352F4004622E5 /* Assets.xcassets */ = {isa = PBXFileReference; lastKnownFileType = folder.assetcatalog; path = Assets.xcassets; sourceTree = "<group>"; };
		7E9A84E52A5352F4004622E5 /* Preview Assets.xcassets */ = {isa = PBXFileReference; lastKnownFileType = folder.assetcatalog; path = "Preview Assets.xcassets"; sourceTree = "<group>"; };
		7E9A84EF2A5357FE004622E5 /* RNHealthKitCoreApp.entitlements */ = {isa = PBXFileReference; lastKnownFileType = text.plist.entitlements; path = RNHealthKitCoreApp.entitlements; sourceTree = "<group>"; };
		D398AEE82B0FD4B700C37F4F /* HealthKitCore.xcodeproj */ = {isa = PBXFileReference; lastKnownFileType = "wrapper.pb-project"; name = HealthKitCore.xcodeproj; path = ../RNHealthKitCore/HealthKitCore.xcodeproj; sourceTree = "<group>"; };
		D398AEF52B0FDE8500C37F4F /* HealthKitCore.xcodeproj */ = {isa = PBXFileReference; lastKnownFileType = "wrapper.pb-project"; name = HealthKitCore.xcodeproj; path = ../RNHealthKitCore/HealthKitCore.xcodeproj; sourceTree = "<group>"; };
/* End PBXFileReference section */

/* Begin PBXFrameworksBuildPhase section */
		7EE599F82A6FE14F00DBB97B /* Frameworks */ = {
			isa = PBXFrameworksBuildPhase;
			buildActionMask = 2147483647;
			files = (
				D398AEF42B0FD52500C37F4F /* libHealthKitCore.a in Frameworks */,
			);
			runOnlyForDeploymentPostprocessing = 0;
		};
/* End PBXFrameworksBuildPhase section */

/* Begin PBXGroup section */
		7E9A84D22A5352F3004622E5 = {
			isa = PBXGroup;
			children = (
				D398AEF52B0FDE8500C37F4F /* HealthKitCore.xcodeproj */,
				7E9A84DD2A5352F3004622E5 /* RNHealthKitCoreApp */,
				7E9A84DC2A5352F3004622E5 /* Products */,
				7E9A84EC2A5357B5004622E5 /* Frameworks */,
			);
			sourceTree = "<group>";
		};
		7E9A84DC2A5352F3004622E5 /* Products */ = {
			isa = PBXGroup;
			children = (
				7E9A84DB2A5352F3004622E5 /* RNHealthKitCoreApp.app */,
			);
			name = Products;
			sourceTree = "<group>";
		};
		7E9A84DD2A5352F3004622E5 /* RNHealthKitCoreApp */ = {
			isa = PBXGroup;
			children = (
				7E9A84EF2A5357FE004622E5 /* RNHealthKitCoreApp.entitlements */,
				7E9A84DE2A5352F3004622E5 /* RNHealthKitCoreApp.swift */,
				7E9A84E02A5352F3004622E5 /* ContentView.swift */,
				7E9A84E22A5352F4004622E5 /* Assets.xcassets */,
				7E9A84E42A5352F4004622E5 /* Preview Content */,
			);
			path = RNHealthKitCoreApp;
			sourceTree = "<group>";
		};
		7E9A84E42A5352F4004622E5 /* Preview Content */ = {
			isa = PBXGroup;
			children = (
				7E9A84E52A5352F4004622E5 /* Preview Assets.xcassets */,
			);
			path = "Preview Content";
			sourceTree = "<group>";
		};
		7E9A84EC2A5357B5004622E5 /* Frameworks */ = {
			isa = PBXGroup;
			children = (
				D398AEE82B0FD4B700C37F4F /* HealthKitCore.xcodeproj */,
			);
			name = Frameworks;
			sourceTree = "<group>";
		};
		D398AEE92B0FD4B700C37F4F /* Products */ = {
			isa = PBXGroup;
			children = (
				D398AEED2B0FD4B700C37F4F /* libHealthKitCore.a */,
			);
			name = Products;
			sourceTree = "<group>";
		};
		D398AEF62B0FDE8500C37F4F /* Products */ = {
			isa = PBXGroup;
			children = (
				D398AEFA2B0FDE8500C37F4F /* libHealthKitCore.a */,
			);
			name = Products;
			sourceTree = "<group>";
		};
/* End PBXGroup section */

/* Begin PBXNativeTarget section */
		7E9A84DA2A5352F3004622E5 /* RNHealthKitCoreApp */ = {
			isa = PBXNativeTarget;
			buildConfigurationList = 7E9A84E92A5352F4004622E5 /* Build configuration list for PBXNativeTarget "RNHealthKitCoreApp" */;
			buildPhases = (
				7E9A84D72A5352F3004622E5 /* Sources */,
				7EE599F82A6FE14F00DBB97B /* Frameworks */,
				7EE599F72A6FE14300DBB97B /* ShellScript */,
				7E9A84D92A5352F3004622E5 /* Resources */,
			);
			buildRules = (
			);
			dependencies = (
			);
			name = RNHealthKitCoreApp;
			productName = RNHealthKitCoreApp;
			productReference = 7E9A84DB2A5352F3004622E5 /* RNHealthKitCoreApp.app */;
			productType = "com.apple.product-type.application";
		};
/* End PBXNativeTarget section */

/* Begin PBXProject section */
		7E9A84D32A5352F3004622E5 /* Project object */ = {
			isa = PBXProject;
			attributes = {
				BuildIndependentTargetsInParallel = 1;
				LastSwiftUpdateCheck = 1430;
				LastUpgradeCheck = 1430;
				TargetAttributes = {
					7E9A84DA2A5352F3004622E5 = {
						CreatedOnToolsVersion = 14.3.1;
					};
				};
			};
			buildConfigurationList = 7E9A84D62A5352F3004622E5 /* Build configuration list for PBXProject "RNHealthKitCoreApp" */;
			compatibilityVersion = "Xcode 14.0";
			developmentRegion = en;
			hasScannedForEncodings = 0;
			knownRegions = (
				en,
				Base,
			);
			mainGroup = 7E9A84D22A5352F3004622E5;
			productRefGroup = 7E9A84DC2A5352F3004622E5 /* Products */;
			projectDirPath = "";
			projectReferences = (
				{
					ProductGroup = D398AEF62B0FDE8500C37F4F /* Products */;
					ProjectRef = D398AEF52B0FDE8500C37F4F /* HealthKitCore.xcodeproj */;
				},
				{
					ProductGroup = D398AEE92B0FD4B700C37F4F /* Products */;
					ProjectRef = D398AEE82B0FD4B700C37F4F /* HealthKitCore.xcodeproj */;
				},
			);
			projectRoot = "";
			targets = (
				7E9A84DA2A5352F3004622E5 /* RNHealthKitCoreApp */,
			);
		};
/* End PBXProject section */

/* Begin PBXReferenceProxy section */
		D398AEED2B0FD4B700C37F4F /* libHealthKitCore.a */ = {
			isa = PBXReferenceProxy;
			fileType = archive.ar;
			path = libHealthKitCore.a;
			remoteRef = D398AEEC2B0FD4B700C37F4F /* PBXContainerItemProxy */;
			sourceTree = BUILT_PRODUCTS_DIR;
		};
		D398AEFA2B0FDE8500C37F4F /* libHealthKitCore.a */ = {
			isa = PBXReferenceProxy;
			fileType = archive.ar;
			path = libHealthKitCore.a;
			remoteRef = D398AEF92B0FDE8500C37F4F /* PBXContainerItemProxy */;
			sourceTree = BUILT_PRODUCTS_DIR;
		};
/* End PBXReferenceProxy section */

/* Begin PBXResourcesBuildPhase section */
		7E9A84D92A5352F3004622E5 /* Resources */ = {
			isa = PBXResourcesBuildPhase;
			buildActionMask = 2147483647;
			files = (
				7E9A84E62A5352F4004622E5 /* Preview Assets.xcassets in Resources */,
				7E9A84E32A5352F4004622E5 /* Assets.xcassets in Resources */,
			);
			runOnlyForDeploymentPostprocessing = 0;
		};
/* End PBXResourcesBuildPhase section */

/* Begin PBXShellScriptBuildPhase section */
		7EE599F72A6FE14300DBB97B /* ShellScript */ = {
			isa = PBXShellScriptBuildPhase;
			buildActionMask = 2147483647;
			files = (
			);
			inputFileListPaths = (
			);
			inputPaths = (
			);
			outputFileListPaths = (
			);
			outputPaths = (
			);
			runOnlyForDeploymentPostprocessing = 0;
			shellPath = /bin/sh;
			shellScript = "# Type a script or drag a script file from your workspace to insert its path.\n";
		};
/* End PBXShellScriptBuildPhase section */

/* Begin PBXSourcesBuildPhase section */
		7E9A84D72A5352F3004622E5 /* Sources */ = {
			isa = PBXSourcesBuildPhase;
			buildActionMask = 2147483647;
			files = (
				7E9A84E12A5352F3004622E5 /* ContentView.swift in Sources */,
				7E9A84DF2A5352F3004622E5 /* RNHealthKitCoreApp.swift in Sources */,
			);
			runOnlyForDeploymentPostprocessing = 0;
		};
/* End PBXSourcesBuildPhase section */

/* Begin XCBuildConfiguration section */
		7E9A84E72A5352F4004622E5 /* Debug */ = {
			isa = XCBuildConfiguration;
			buildSettings = {
				ALWAYS_SEARCH_USER_PATHS = NO;
				CLANG_ANALYZER_NONNULL = YES;
				CLANG_ANALYZER_NUMBER_OBJECT_CONVERSION = YES_AGGRESSIVE;
				CLANG_CXX_LANGUAGE_STANDARD = "gnu++20";
				CLANG_ENABLE_MODULES = YES;
				CLANG_ENABLE_OBJC_ARC = YES;
				CLANG_ENABLE_OBJC_WEAK = YES;
				CLANG_WARN_BLOCK_CAPTURE_AUTORELEASING = YES;
				CLANG_WARN_BOOL_CONVERSION = YES;
				CLANG_WARN_COMMA = YES;
				CLANG_WARN_CONSTANT_CONVERSION = YES;
				CLANG_WARN_DEPRECATED_OBJC_IMPLEMENTATIONS = YES;
				CLANG_WARN_DIRECT_OBJC_ISA_USAGE = YES_ERROR;
				CLANG_WARN_DOCUMENTATION_COMMENTS = YES;
				CLANG_WARN_EMPTY_BODY = YES;
				CLANG_WARN_ENUM_CONVERSION = YES;
				CLANG_WARN_INFINITE_RECURSION = YES;
				CLANG_WARN_INT_CONVERSION = YES;
				CLANG_WARN_NON_LITERAL_NULL_CONVERSION = YES;
				CLANG_WARN_OBJC_IMPLICIT_RETAIN_SELF = YES;
				CLANG_WARN_OBJC_LITERAL_CONVERSION = YES;
				CLANG_WARN_OBJC_ROOT_CLASS = YES_ERROR;
				CLANG_WARN_QUOTED_INCLUDE_IN_FRAMEWORK_HEADER = YES;
				CLANG_WARN_RANGE_LOOP_ANALYSIS = YES;
				CLANG_WARN_STRICT_PROTOTYPES = YES;
				CLANG_WARN_SUSPICIOUS_MOVE = YES;
				CLANG_WARN_UNGUARDED_AVAILABILITY = YES_AGGRESSIVE;
				CLANG_WARN_UNREACHABLE_CODE = YES;
				CLANG_WARN__DUPLICATE_METHOD_MATCH = YES;
				COPY_PHASE_STRIP = NO;
				DEBUG_INFORMATION_FORMAT = dwarf;
				ENABLE_STRICT_OBJC_MSGSEND = YES;
				ENABLE_TESTABILITY = YES;
				GCC_C_LANGUAGE_STANDARD = gnu11;
				GCC_DYNAMIC_NO_PIC = NO;
				GCC_NO_COMMON_BLOCKS = YES;
				GCC_OPTIMIZATION_LEVEL = 0;
				GCC_PREPROCESSOR_DEFINITIONS = (
					"DEBUG=1",
					"$(inherited)",
				);
				GCC_WARN_64_TO_32_BIT_CONVERSION = YES;
				GCC_WARN_ABOUT_RETURN_TYPE = YES_ERROR;
				GCC_WARN_UNDECLARED_SELECTOR = YES;
				GCC_WARN_UNINITIALIZED_AUTOS = YES_AGGRESSIVE;
				GCC_WARN_UNUSED_FUNCTION = YES;
				GCC_WARN_UNUSED_VARIABLE = YES;
				IPHONEOS_DEPLOYMENT_TARGET = 14.0;
				MTL_ENABLE_DEBUG_INFO = INCLUDE_SOURCE;
				MTL_FAST_MATH = YES;
				ONLY_ACTIVE_ARCH = YES;
				SDKROOT = iphoneos;
				SWIFT_ACTIVE_COMPILATION_CONDITIONS = DEBUG;
				SWIFT_OPTIMIZATION_LEVEL = "-Onone";
			};
			name = Debug;
		};
		7E9A84E82A5352F4004622E5 /* Release */ = {
			isa = XCBuildConfiguration;
			buildSettings = {
				ALWAYS_SEARCH_USER_PATHS = NO;
				CLANG_ANALYZER_NONNULL = YES;
				CLANG_ANALYZER_NUMBER_OBJECT_CONVERSION = YES_AGGRESSIVE;
				CLANG_CXX_LANGUAGE_STANDARD = "gnu++20";
				CLANG_ENABLE_MODULES = YES;
				CLANG_ENABLE_OBJC_ARC = YES;
				CLANG_ENABLE_OBJC_WEAK = YES;
				CLANG_WARN_BLOCK_CAPTURE_AUTORELEASING = YES;
				CLANG_WARN_BOOL_CONVERSION = YES;
				CLANG_WARN_COMMA = YES;
				CLANG_WARN_CONSTANT_CONVERSION = YES;
				CLANG_WARN_DEPRECATED_OBJC_IMPLEMENTATIONS = YES;
				CLANG_WARN_DIRECT_OBJC_ISA_USAGE = YES_ERROR;
				CLANG_WARN_DOCUMENTATION_COMMENTS = YES;
				CLANG_WARN_EMPTY_BODY = YES;
				CLANG_WARN_ENUM_CONVERSION = YES;
				CLANG_WARN_INFINITE_RECURSION = YES;
				CLANG_WARN_INT_CONVERSION = YES;
				CLANG_WARN_NON_LITERAL_NULL_CONVERSION = YES;
				CLANG_WARN_OBJC_IMPLICIT_RETAIN_SELF = YES;
				CLANG_WARN_OBJC_LITERAL_CONVERSION = YES;
				CLANG_WARN_OBJC_ROOT_CLASS = YES_ERROR;
				CLANG_WARN_QUOTED_INCLUDE_IN_FRAMEWORK_HEADER = YES;
				CLANG_WARN_RANGE_LOOP_ANALYSIS = YES;
				CLANG_WARN_STRICT_PROTOTYPES = YES;
				CLANG_WARN_SUSPICIOUS_MOVE = YES;
				CLANG_WARN_UNGUARDED_AVAILABILITY = YES_AGGRESSIVE;
				CLANG_WARN_UNREACHABLE_CODE = YES;
				CLANG_WARN__DUPLICATE_METHOD_MATCH = YES;
				COPY_PHASE_STRIP = NO;
				DEBUG_INFORMATION_FORMAT = "dwarf-with-dsym";
				ENABLE_NS_ASSERTIONS = NO;
				ENABLE_STRICT_OBJC_MSGSEND = YES;
				GCC_C_LANGUAGE_STANDARD = gnu11;
				GCC_NO_COMMON_BLOCKS = YES;
				GCC_WARN_64_TO_32_BIT_CONVERSION = YES;
				GCC_WARN_ABOUT_RETURN_TYPE = YES_ERROR;
				GCC_WARN_UNDECLARED_SELECTOR = YES;
				GCC_WARN_UNINITIALIZED_AUTOS = YES_AGGRESSIVE;
				GCC_WARN_UNUSED_FUNCTION = YES;
				GCC_WARN_UNUSED_VARIABLE = YES;
				IPHONEOS_DEPLOYMENT_TARGET = 14.0;
				MTL_ENABLE_DEBUG_INFO = NO;
				MTL_FAST_MATH = YES;
				SDKROOT = iphoneos;
				SWIFT_COMPILATION_MODE = wholemodule;
				SWIFT_OPTIMIZATION_LEVEL = "-O";
				VALIDATE_PRODUCT = YES;
			};
			name = Release;
		};
		7E9A84EA2A5352F4004622E5 /* Debug */ = {
			isa = XCBuildConfiguration;
			buildSettings = {
				ASSETCATALOG_COMPILER_APPICON_NAME = AppIcon;
				ASSETCATALOG_COMPILER_GLOBAL_ACCENT_COLOR_NAME = AccentColor;
				CODE_SIGN_ENTITLEMENTS = RNHealthKitCoreApp/RNHealthKitCoreApp.entitlements;
				CODE_SIGN_STYLE = Automatic;
				CURRENT_PROJECT_VERSION = 1;
				DEVELOPMENT_ASSET_PATHS = "\"RNHealthKitCoreApp/Preview Content\"";
				DEVELOPMENT_TEAM = 6Q53777DK4;
				ENABLE_PREVIEWS = YES;
				GENERATE_INFOPLIST_FILE = YES;
				INFOPLIST_KEY_NSHealthClinicalHealthRecordsShareUsageDescription = "Use your date to use your data and use your data";
				INFOPLIST_KEY_NSHealthShareUsageDescription = "Use your date to use your data and use your data";
				INFOPLIST_KEY_NSHealthUpdateUsageDescription = "Use your date to use your data and use your data";
				INFOPLIST_KEY_UIApplicationSceneManifest_Generation = YES;
				INFOPLIST_KEY_UIApplicationSupportsIndirectInputEvents = YES;
				INFOPLIST_KEY_UILaunchScreen_Generation = YES;
				INFOPLIST_KEY_UISupportedInterfaceOrientations_iPad = "UIInterfaceOrientationPortrait UIInterfaceOrientationPortraitUpsideDown UIInterfaceOrientationLandscapeLeft UIInterfaceOrientationLandscapeRight";
				INFOPLIST_KEY_UISupportedInterfaceOrientations_iPhone = "UIInterfaceOrientationPortrait UIInterfaceOrientationLandscapeLeft UIInterfaceOrientationLandscapeRight";
				IPHONEOS_DEPLOYMENT_TARGET = 15.0;
				LD_RUNPATH_SEARCH_PATHS = (
					"$(inherited)",
					"@executable_path/Frameworks",
				);
				MARKETING_VERSION = 1.0;
				PRODUCT_BUNDLE_IDENTIFIER = healthkitcore.RNHealthKitCoreApp;
				PRODUCT_NAME = "$(TARGET_NAME)";
				SWIFT_EMIT_LOC_STRINGS = YES;
				SWIFT_VERSION = 5.0;
				TARGETED_DEVICE_FAMILY = "1,2";
			};
			name = Debug;
		};
		7E9A84EB2A5352F4004622E5 /* Release */ = {
			isa = XCBuildConfiguration;
			buildSettings = {
				ASSETCATALOG_COMPILER_APPICON_NAME = AppIcon;
				ASSETCATALOG_COMPILER_GLOBAL_ACCENT_COLOR_NAME = AccentColor;
				CODE_SIGN_ENTITLEMENTS = RNHealthKitCoreApp/RNHealthKitCoreApp.entitlements;
				CODE_SIGN_STYLE = Automatic;
				CURRENT_PROJECT_VERSION = 1;
				DEVELOPMENT_ASSET_PATHS = "\"RNHealthKitCoreApp/Preview Content\"";
				DEVELOPMENT_TEAM = 6Q53777DK4;
				ENABLE_PREVIEWS = YES;
				GENERATE_INFOPLIST_FILE = YES;
				INFOPLIST_KEY_NSHealthClinicalHealthRecordsShareUsageDescription = "Use your date to use your data and use your data";
				INFOPLIST_KEY_NSHealthShareUsageDescription = "Use your date to use your data and use your data";
				INFOPLIST_KEY_NSHealthUpdateUsageDescription = "Use your date to use your data and use your data";
				INFOPLIST_KEY_UIApplicationSceneManifest_Generation = YES;
				INFOPLIST_KEY_UIApplicationSupportsIndirectInputEvents = YES;
				INFOPLIST_KEY_UILaunchScreen_Generation = YES;
				INFOPLIST_KEY_UISupportedInterfaceOrientations_iPad = "UIInterfaceOrientationPortrait UIInterfaceOrientationPortraitUpsideDown UIInterfaceOrientationLandscapeLeft UIInterfaceOrientationLandscapeRight";
				INFOPLIST_KEY_UISupportedInterfaceOrientations_iPhone = "UIInterfaceOrientationPortrait UIInterfaceOrientationLandscapeLeft UIInterfaceOrientationLandscapeRight";
				IPHONEOS_DEPLOYMENT_TARGET = 15.0;
				LD_RUNPATH_SEARCH_PATHS = (
					"$(inherited)",
					"@executable_path/Frameworks",
				);
				MARKETING_VERSION = 1.0;
				PRODUCT_BUNDLE_IDENTIFIER = healthkitcore.RNHealthKitCoreApp;
				PRODUCT_NAME = "$(TARGET_NAME)";
				SWIFT_EMIT_LOC_STRINGS = YES;
				SWIFT_VERSION = 5.0;
				TARGETED_DEVICE_FAMILY = "1,2";
			};
			name = Release;
		};
/* End XCBuildConfiguration section */

/* Begin XCConfigurationList section */
		7E9A84D62A5352F3004622E5 /* Build configuration list for PBXProject "RNHealthKitCoreApp" */ = {
			isa = XCConfigurationList;
			buildConfigurations = (
				7E9A84E72A5352F4004622E5 /* Debug */,
				7E9A84E82A5352F4004622E5 /* Release */,
			);
			defaultConfigurationIsVisible = 0;
			defaultConfigurationName = Release;
		};
		7E9A84E92A5352F4004622E5 /* Build configuration list for PBXNativeTarget "RNHealthKitCoreApp" */ = {
			isa = XCConfigurationList;
			buildConfigurations = (
				7E9A84EA2A5352F4004622E5 /* Debug */,
				7E9A84EB2A5352F4004622E5 /* Release */,
			);
			defaultConfigurationIsVisible = 0;
			defaultConfigurationName = Release;
		};
/* End XCConfigurationList section */
	};
	rootObject = 7E9A84D32A5352F3004622E5 /* Project object */;
}
